
Microsoft Visual Studio Solution File, Format Version 12.00
# Visual Studio Version 16
VisualStudioVersion = 16.0.30011.22
MinimumVisualStudioVersion = 10.0.40219.1
Project("{FAE04EC0-301F-11D3-BF4B-00C04F79EFBC}") = "CompanyConsoleApp", "CompanyConsoleApp\CompanyConsoleApp.csproj", "{5BA00F13-6B0E-4B7E-A555-A041425BBA74}"
EndProject
Project("{FAE04EC0-301F-11D3-BF4B-00C04F79EFBC}") = "Company.Entities", "Company.Entities\Company.Entities.csproj", "{87932C23-1A2C-49AF-AE22-402460B470A2}"
EndProject
Project("{FAE04EC0-301F-11D3-BF4B-00C04F79EFBC}") = "Company.Interfaces", "Company.Interfaces\Company.Interfaces.csproj", "{BA6B1A28-0866-4D6C-85B0-ADA03F5024C6}"
EndProject
Project("{FAE04EC0-301F-11D3-BF4B-00C04F79EFBC}") = "Company.Other", "Company.Other\Company.Other.csproj", "{348AF469-1DBC-4446-A6FE-A7C6D3338B4B}"
EndProject
Global
	GlobalSection(SolutionConfigurationPlatforms) = preSolution
		Debug|Any CPU = Debug|Any CPU
		Release|Any CPU = Release|Any CPU
	EndGlobalSection
	GlobalSection(ProjectConfigurationPlatforms) = postSolution
		{5BA00F13-6B0E-4B7E-A555-A041425BBA74}.Debug|Any CPU.ActiveCfg = Debug|Any CPU
		{5BA00F13-6B0E-4B7E-A555-A041425BBA74}.Debug|Any CPU.Build.0 = Debug|Any CPU
		{5BA00F13-6B0E-4B7E-A555-A041425BBA74}.Release|Any CPU.ActiveCfg = Release|Any CPU
		{5BA00F13-6B0E-4B7E-A555-A041425BBA74}.Release|Any CPU.Build.0 = Release|Any CPU
		{87932C23-1A2C-49AF-AE22-402460B470A2}.Debug|Any CPU.ActiveCfg = Debug|Any CPU
		{87932C23-1A2C-49AF-AE22-402460B470A2}.Debug|Any CPU.Build.0 = Debug|Any CPU
		{87932C23-1A2C-49AF-AE22-402460B470A2}.Release|Any CPU.ActiveCfg = Release|Any CPU
		{87932C23-1A2C-49AF-AE22-402460B470A2}.Release|Any CPU.Build.0 = Release|Any CPU
		{BA6B1A28-0866-4D6C-85B0-ADA03F5024C6}.Debug|Any CPU.ActiveCfg = Debug|Any CPU
		{BA6B1A28-0866-4D6C-85B0-ADA03F5024C6}.Debug|Any CPU.Build.0 = Debug|Any CPU
		{BA6B1A28-0866-4D6C-85B0-ADA03F5024C6}.Release|Any CPU.ActiveCfg = Release|Any CPU
		{BA6B1A28-0866-4D6C-85B0-ADA03F5024C6}.Release|Any CPU.Build.0 = Release|Any CPU
		{348AF469-1DBC-4446-A6FE-A7C6D3338B4B}.Debug|Any CPU.ActiveCfg = Debug|Any CPU
		{348AF469-1DBC-4446-A6FE-A7C6D3338B4B}.Debug|Any CPU.Build.0 = Debug|Any CPU
		{348AF469-1DBC-4446-A6FE-A7C6D3338B4B}.Release|Any CPU.ActiveCfg = Release|Any CPU
		{348AF469-1DBC-4446-A6FE-A7C6D3338B4B}.Release|Any CPU.Build.0 = Release|Any CPU
	EndGlobalSection
	GlobalSection(SolutionProperties) = preSolution
		HideSolutionNode = FALSE
	EndGlobalSection
	GlobalSection(ExtensibilityGlobals) = postSolution
		SolutionGuid = {3BA0F0EF-88CD-4CD0-A269-BA6D531F2004}
	EndGlobalSection
EndGlobal
